// !$*UTF8*$!
{
	archiveVersion = 1;
	classes = {
	};
	objectVersion = 50;
	objects = {

/* Begin PBXBuildFile section */
		616C7C942416E4F800577791 /* AppDelegate.swift in Sources */ = {isa = PBXBuildFile; fileRef = 616C7C932416E4F800577791 /* AppDelegate.swift */; };
		616C7C962416E4F800577791 /* SceneDelegate.swift in Sources */ = {isa = PBXBuildFile; fileRef = 616C7C952416E4F800577791 /* SceneDelegate.swift */; };
		616C7C982416E4F800577791 /* ViewController.swift in Sources */ = {isa = PBXBuildFile; fileRef = 616C7C972416E4F800577791 /* ViewController.swift */; };
		616C7C9B2416E4F800577791 /* Main.storyboard in Resources */ = {isa = PBXBuildFile; fileRef = 616C7C992416E4F800577791 /* Main.storyboard */; };
		616C7C9D2416E4FD00577791 /* Assets.xcassets in Resources */ = {isa = PBXBuildFile; fileRef = 616C7C9C2416E4FD00577791 /* Assets.xcassets */; };
		616C7CA02416E4FD00577791 /* LaunchScreen.storyboard in Resources */ = {isa = PBXBuildFile; fileRef = 616C7C9E2416E4FD00577791 /* LaunchScreen.storyboard */; };
		616C7CAB2416E4FD00577791 /* NobelLaureatesTests.swift in Sources */ = {isa = PBXBuildFile; fileRef = 616C7CAA2416E4FD00577791 /* NobelLaureatesTests.swift */; };
/* End PBXBuildFile section */

/* Begin PBXContainerItemProxy section */
		616C7CA72416E4FD00577791 /* PBXContainerItemProxy */ = {
			isa = PBXContainerItemProxy;
			containerPortal = 616C7C882416E4F700577791 /* Project object */;
			proxyType = 1;
			remoteGlobalIDString = 616C7C8F2416E4F700577791;
			remoteInfo = NobelLaureates;
		};
/* End PBXContainerItemProxy section */

/* Begin PBXFileReference section */
		616C7C902416E4F800577791 /* NobelLaureates.app */ = {isa = PBXFileReference; explicitFileType = wrapper.application; includeInIndex = 0; path = NobelLaureates.app; sourceTree = BUILT_PRODUCTS_DIR; };
		616C7C932416E4F800577791 /* AppDelegate.swift */ = {isa = PBXFileReference; lastKnownFileType = sourcecode.swift; path = AppDelegate.swift; sourceTree = "<group>"; };
		616C7C952416E4F800577791 /* SceneDelegate.swift */ = {isa = PBXFileReference; lastKnownFileType = sourcecode.swift; path = SceneDelegate.swift; sourceTree = "<group>"; };
		616C7C972416E4F800577791 /* ViewController.swift */ = {isa = PBXFileReference; lastKnownFileType = sourcecode.swift; path = ViewController.swift; sourceTree = "<group>"; };
		616C7C9A2416E4F800577791 /* Base */ = {isa = PBXFileReference; lastKnownFileType = file.storyboard; name = Base; path = Base.lproj/Main.storyboard; sourceTree = "<group>"; };
		616C7C9C2416E4FD00577791 /* Assets.xcassets */ = {isa = PBXFileReference; lastKnownFileType = folder.assetcatalog; path = Assets.xcassets; sourceTree = "<group>"; };
		616C7C9F2416E4FD00577791 /* Base */ = {isa = PBXFileReference; lastKnownFileType = file.storyboard; name = Base; path = Base.lproj/LaunchScreen.storyboard; sourceTree = "<group>"; };
		616C7CA12416E4FD00577791 /* Info.plist */ = {isa = PBXFileReference; lastKnownFileType = text.plist.xml; path = Info.plist; sourceTree = "<group>"; };
		616C7CA62416E4FD00577791 /* NobelLaureatesTests.xctest */ = {isa = PBXFileReference; explicitFileType = wrapper.cfbundle; includeInIndex = 0; path = NobelLaureatesTests.xctest; sourceTree = BUILT_PRODUCTS_DIR; };
		616C7CAA2416E4FD00577791 /* NobelLaureatesTests.swift */ = {isa = PBXFileReference; lastKnownFileType = sourcecode.swift; path = NobelLaureatesTests.swift; sourceTree = "<group>"; };
		616C7CAC2416E4FD00577791 /* Info.plist */ = {isa = PBXFileReference; lastKnownFileType = text.plist.xml; path = Info.plist; sourceTree = "<group>"; };
/* End PBXFileReference section */

/* Begin PBXFrameworksBuildPhase section */
		616C7C8D2416E4F700577791 /* Frameworks */ = {
			isa = PBXFrameworksBuildPhase;
			buildActionMask = 2147483647;
			files = (
			);
			runOnlyForDeploymentPostprocessing = 0;
		};
		616C7CA32416E4FD00577791 /* Frameworks */ = {
			isa = PBXFrameworksBuildPhase;
			buildActionMask = 2147483647;
			files = (
			);
			runOnlyForDeploymentPostprocessing = 0;
		};
/* End PBXFrameworksBuildPhase section */

/* Begin PBXGroup section */
		616C7C872416E4F700577791 = {
			isa = PBXGroup;
			children = (
				616C7C922416E4F800577791 /* NobelLaureates */,
				616C7CA92416E4FD00577791 /* NobelLaureatesTests */,
				616C7C912416E4F800577791 /* Products */,
			);
			sourceTree = "<group>";
		};
		616C7C912416E4F800577791 /* Products */ = {
			isa = PBXGroup;
			children = (
				616C7C902416E4F800577791 /* NobelLaureates.app */,
				616C7CA62416E4FD00577791 /* NobelLaureatesTests.xctest */,
			);
			name = Products;
			sourceTree = "<group>";
		};
		616C7C922416E4F800577791 /* NobelLaureates */ = {
			isa = PBXGroup;
			children = (
				616C7C932416E4F800577791 /* AppDelegate.swift */,
				616C7C952416E4F800577791 /* SceneDelegate.swift */,
				616C7C972416E4F800577791 /* ViewController.swift */,
				616C7C992416E4F800577791 /* Main.storyboard */,
				616C7C9C2416E4FD00577791 /* Assets.xcassets */,
				616C7C9E2416E4FD00577791 /* LaunchScreen.storyboard */,
				616C7CA12416E4FD00577791 /* Info.plist */,
			);
			path = NobelLaureates;
			sourceTree = "<group>";
		};
		616C7CA92416E4FD00577791 /* NobelLaureatesTests */ = {
			isa = PBXGroup;
			children = (
				616C7CAA2416E4FD00577791 /* NobelLaureatesTests.swift */,
				616C7CAC2416E4FD00577791 /* Info.plist */,
			);
			path = NobelLaureatesTests;
			sourceTree = "<group>";
		};
/* End PBXGroup section */

/* Begin PBXNativeTarget section */
		616C7C8F2416E4F700577791 /* NobelLaureates */ = {
			isa = PBXNativeTarget;
			buildConfigurationList = 616C7CAF2416E4FD00577791 /* Build configuration list for PBXNativeTarget "NobelLaureates" */;
			buildPhases = (
				616C7C8C2416E4F700577791 /* Sources */,
				616C7C8D2416E4F700577791 /* Frameworks */,
				616C7C8E2416E4F700577791 /* Resources */,
			);
			buildRules = (
			);
			dependencies = (
			);
			name = NobelLaureates;
			productName = NobelLaureates;
			productReference = 616C7C902416E4F800577791 /* NobelLaureates.app */;
			productType = "com.apple.product-type.application";
		};
		616C7CA52416E4FD00577791 /* NobelLaureatesTests */ = {
			isa = PBXNativeTarget;
			buildConfigurationList = 616C7CB22416E4FD00577791 /* Build configuration list for PBXNativeTarget "NobelLaureatesTests" */;
			buildPhases = (
				616C7CA22416E4FD00577791 /* Sources */,
				616C7CA32416E4FD00577791 /* Frameworks */,
				616C7CA42416E4FD00577791 /* Resources */,
			);
			buildRules = (
			);
			dependencies = (
				616C7CA82416E4FD00577791 /* PBXTargetDependency */,
			);
			name = NobelLaureatesTests;
			productName = NobelLaureatesTests;
			productReference = 616C7CA62416E4FD00577791 /* NobelLaureatesTests.xctest */;
			productType = "com.apple.product-type.bundle.unit-test";
		};
/* End PBXNativeTarget section */

/* Begin PBXProject section */
		616C7C882416E4F700577791 /* Project object */ = {
			isa = PBXProject;
			attributes = {
				LastSwiftUpdateCheck = 1130;
				LastUpgradeCheck = 1130;
				ORGANIZATIONNAME = DylanMcCarthy;
				TargetAttributes = {
					616C7C8F2416E4F700577791 = {
						CreatedOnToolsVersion = 11.3.1;
					};
					616C7CA52416E4FD00577791 = {
						CreatedOnToolsVersion = 11.3.1;
						TestTargetID = 616C7C8F2416E4F700577791;
					};
				};
			};
			buildConfigurationList = 616C7C8B2416E4F700577791 /* Build configuration list for PBXProject "NobelLaureates" */;
			compatibilityVersion = "Xcode 9.3";
			developmentRegion = en;
			hasScannedForEncodings = 0;
			knownRegions = (
				en,
				Base,
			);
			mainGroup = 616C7C872416E4F700577791;
			productRefGroup = 616C7C912416E4F800577791 /* Products */;
			projectDirPath = "";
			projectRoot = "";
			targets = (
				616C7C8F2416E4F700577791 /* NobelLaureates */,
				616C7CA52416E4FD00577791 /* NobelLaureatesTests */,
			);
		};
/* End PBXProject section */

/* Begin PBXResourcesBuildPhase section */
		616C7C8E2416E4F700577791 /* Resources */ = {
			isa = PBXResourcesBuildPhase;
			buildActionMask = 2147483647;
			files = (
				616C7CA02416E4FD00577791 /* LaunchScreen.storyboard in Resources */,
				616C7C9D2416E4FD00577791 /* Assets.xcassets in Resources */,
				616C7C9B2416E4F800577791 /* Main.storyboard in Resources */,
			);
			runOnlyForDeploymentPostprocessing = 0;
		};
		616C7CA42416E4FD00577791 /* Resources */ = {
			isa = PBXResourcesBuildPhase;
			buildActionMask = 2147483647;
			files = (
			);
			runOnlyForDeploymentPostprocessing = 0;
		};
/* End PBXResourcesBuildPhase section */

/* Begin PBXSourcesBuildPhase section */
		616C7C8C2416E4F700577791 /* Sources */ = {
			isa = PBXSourcesBuildPhase;
			buildActionMask = 2147483647;
			files = (
				616C7C982416E4F800577791 /* ViewController.swift in Sources */,
				616C7C942416E4F800577791 /* AppDelegate.swift in Sources */,
				616C7C962416E4F800577791 /* SceneDelegate.swift in Sources */,
			);
			runOnlyForDeploymentPostprocessing = 0;
		};
		616C7CA22416E4FD00577791 /* Sources */ = {
			isa = PBXSourcesBuildPhase;
			buildActionMask = 2147483647;
			files = (
				616C7CAB2416E4FD00577791 /* NobelLaureatesTests.swift in Sources */,
			);
			runOnlyForDeploymentPostprocessing = 0;
		};
/* End PBXSourcesBuildPhase section */

/* Begin PBXTargetDependency section */
		616C7CA82416E4FD00577791 /* PBXTargetDependency */ = {
			isa = PBXTargetDependency;
			target = 616C7C8F2416E4F700577791 /* NobelLaureates */;
			targetProxy = 616C7CA72416E4FD00577791 /* PBXContainerItemProxy */;
		};
/* End PBXTargetDependency section */

/* Begin PBXVariantGroup section */
		616C7C992416E4F800577791 /* Main.storyboard */ = {
			isa = PBXVariantGroup;
			children = (
				616C7C9A2416E4F800577791 /* Base */,
			);
			name = Main.storyboard;
			sourceTree = "<group>";
		};
		616C7C9E2416E4FD00577791 /* LaunchScreen.storyboard */ = {
			isa = PBXVariantGroup;
			children = (
				616C7C9F2416E4FD00577791 /* Base */,
			);
			name = LaunchScreen.storyboard;
			sourceTree = "<group>";
		};
/* End PBXVariantGroup section */

/* Begin XCBuildConfiguration section */
		616C7CAD2416E4FD00577791 /* Debug */ = {
			isa = XCBuildConfiguration;
			buildSettings = {
				ALWAYS_SEARCH_USER_PATHS = NO;
				CLANG_ANALYZER_NONNULL = YES;
				CLANG_ANALYZER_NUMBER_OBJECT_CONVERSION = YES_AGGRESSIVE;
				CLANG_CXX_LANGUAGE_STANDARD = "gnu++14";
				CLANG_CXX_LIBRARY = "libc++";
				CLANG_ENABLE_MODULES = YES;
				CLANG_ENABLE_OBJC_ARC = YES;
				CLANG_ENABLE_OBJC_WEAK = YES;
				CLANG_WARN_BLOCK_CAPTURE_AUTORELEASING = YES;
				CLANG_WARN_BOOL_CONVERSION = YES;
				CLANG_WARN_COMMA = YES;
				CLANG_WARN_CONSTANT_CONVERSION = YES;
				CLANG_WARN_DEPRECATED_OBJC_IMPLEMENTATIONS = YES;
				CLANG_WARN_DIRECT_OBJC_ISA_USAGE = YES_ERROR;
				CLANG_WARN_DOCUMENTATION_COMMENTS = YES;
				CLANG_WARN_EMPTY_BODY = YES;
				CLANG_WARN_ENUM_CONVERSION = YES;
				CLANG_WARN_INFINITE_RECURSION = YES;
				CLANG_WARN_INT_CONVERSION = YES;
				CLANG_WARN_NON_LITERAL_NULL_CONVERSION = YES;
				CLANG_WARN_OBJC_IMPLICIT_RETAIN_SELF = YES;
				CLANG_WARN_OBJC_LITERAL_CONVERSION = YES;
				CLANG_WARN_OBJC_ROOT_CLASS = YES_ERROR;
				CLANG_WARN_RANGE_LOOP_ANALYSIS = YES;
				CLANG_WARN_STRICT_PROTOTYPES = YES;
				CLANG_WARN_SUSPICIOUS_MOVE = YES;
				CLANG_WARN_UNGUARDED_AVAILABILITY = YES_AGGRESSIVE;
				CLANG_WARN_UNREACHABLE_CODE = YES;
				CLANG_WARN__DUPLICATE_METHOD_MATCH = YES;
				COPY_PHASE_STRIP = NO;
				DEBUG_INFORMATION_FORMAT = dwarf;
				ENABLE_STRICT_OBJC_MSGSEND = YES;
				ENABLE_TESTABILITY = YES;
				GCC_C_LANGUAGE_STANDARD = gnu11;
				GCC_DYNAMIC_NO_PIC = NO;
				GCC_NO_COMMON_BLOCKS = YES;
				GCC_OPTIMIZATION_LEVEL = 0;
				GCC_PREPROCESSOR_DEFINITIONS = (
					"DEBUG=1",
					"$(inherited)",
				);
				GCC_WARN_64_TO_32_BIT_CONVERSION = YES;
				GCC_WARN_ABOUT_RETURN_TYPE = YES_ERROR;
				GCC_WARN_UNDECLARED_SELECTOR = YES;
				GCC_WARN_UNINITIALIZED_AUTOS = YES_AGGRESSIVE;
				GCC_WARN_UNUSED_FUNCTION = YES;
				GCC_WARN_UNUSED_VARIABLE = YES;
				IPHONEOS_DEPLOYMENT_TARGET = 13.2;
				MTL_ENABLE_DEBUG_INFO = INCLUDE_SOURCE;
				MTL_FAST_MATH = YES;
				ONLY_ACTIVE_ARCH = YES;
				SDKROOT = iphoneos;
				SWIFT_ACTIVE_COMPILATION_CONDITIONS = DEBUG;
				SWIFT_OPTIMIZATION_LEVEL = "-Onone";
			};
			name = Debug;
		};
		616C7CAE2416E4FD00577791 /* Release */ = {
			isa = XCBuildConfiguration;
			buildSettings = {
				ALWAYS_SEARCH_USER_PATHS = NO;
				CLANG_ANALYZER_NONNULL = YES;
				CLANG_ANALYZER_NUMBER_OBJECT_CONVERSION = YES_AGGRESSIVE;
				CLANG_CXX_LANGUAGE_STANDARD = "gnu++14";
				CLANG_CXX_LIBRARY = "libc++";
				CLANG_ENABLE_MODULES = YES;
				CLANG_ENABLE_OBJC_ARC = YES;
				CLANG_ENABLE_OBJC_WEAK = YES;
				CLANG_WARN_BLOCK_CAPTURE_AUTORELEASING = YES;
				CLANG_WARN_BOOL_CONVERSION = YES;
				CLANG_WARN_COMMA = YES;
				CLANG_WARN_CONSTANT_CONVERSION = YES;
				CLANG_WARN_DEPRECATED_OBJC_IMPLEMENTATIONS = YES;
				CLANG_WARN_DIRECT_OBJC_ISA_USAGE = YES_ERROR;
				CLANG_WARN_DOCUMENTATION_COMMENTS = YES;
				CLANG_WARN_EMPTY_BODY = YES;
				CLANG_WARN_ENUM_CONVERSION = YES;
				CLANG_WARN_INFINITE_RECURSION = YES;
				CLANG_WARN_INT_CONVERSION = YES;
				CLANG_WARN_NON_LITERAL_NULL_CONVERSION = YES;
				CLANG_WARN_OBJC_IMPLICIT_RETAIN_SELF = YES;
				CLANG_WARN_OBJC_LITERAL_CONVERSION = YES;
				CLANG_WARN_OBJC_ROOT_CLASS = YES_ERROR;
				CLANG_WARN_RANGE_LOOP_ANALYSIS = YES;
				CLANG_WARN_STRICT_PROTOTYPES = YES;
				CLANG_WARN_SUSPICIOUS_MOVE = YES;
				CLANG_WARN_UNGUARDED_AVAILABILITY = YES_AGGRESSIVE;
				CLANG_WARN_UNREACHABLE_CODE = YES;
				CLANG_WARN__DUPLICATE_METHOD_MATCH = YES;
				COPY_PHASE_STRIP = NO;
				DEBUG_INFORMATION_FORMAT = "dwarf-with-dsym";
				ENABLE_NS_ASSERTIONS = NO;
				ENABLE_STRICT_OBJC_MSGSEND = YES;
				GCC_C_LANGUAGE_STANDARD = gnu11;
				GCC_NO_COMMON_BLOCKS = YES;
				GCC_WARN_64_TO_32_BIT_CONVERSION = YES;
				GCC_WARN_ABOUT_RETURN_TYPE = YES_ERROR;
				GCC_WARN_UNDECLARED_SELECTOR = YES;
				GCC_WARN_UNINITIALIZED_AUTOS = YES_AGGRESSIVE;
				GCC_WARN_UNUSED_FUNCTION = YES;
				GCC_WARN_UNUSED_VARIABLE = YES;
				IPHONEOS_DEPLOYMENT_TARGET = 13.2;
				MTL_ENABLE_DEBUG_INFO = NO;
				MTL_FAST_MATH = YES;
				SDKROOT = iphoneos;
				SWIFT_COMPILATION_MODE = wholemodule;
				SWIFT_OPTIMIZATION_LEVEL = "-O";
				VALIDATE_PRODUCT = YES;
			};
			name = Release;
		};
		616C7CB02416E4FD00577791 /* Debug */ = {
			isa = XCBuildConfiguration;
			buildSettings = {
				ASSETCATALOG_COMPILER_APPICON_NAME = AppIcon;
				CODE_SIGN_STYLE = Automatic;
				DEVELOPMENT_TEAM = 3K8HM9CR5K;
				INFOPLIST_FILE = NobelLaureates/Info.plist;
				LD_RUNPATH_SEARCH_PATHS = (
					"$(inherited)",
					"@executable_path/Frameworks",
				);
				PRODUCT_BUNDLE_IDENTIFIER = com.dylanmccarthyios.NobelLaureates;
				PRODUCT_NAME = "$(TARGET_NAME)";
				SWIFT_VERSION = 5.0;
				TARGETED_DEVICE_FAMILY = "1,2";
			};
			name = Debug;
		};
		616C7CB12416E4FD00577791 /* Release */ = {
			isa = XCBuildConfiguration;
			buildSettings = {
				ASSETCATALOG_COMPILER_APPICON_NAME = AppIcon;
				CODE_SIGN_STYLE = Automatic;
				DEVELOPMENT_TEAM = 3K8HM9CR5K;
				INFOPLIST_FILE = NobelLaureates/Info.plist;
				LD_RUNPATH_SEARCH_PATHS = (
					"$(inherited)",
					"@executable_path/Frameworks",
				);
				PRODUCT_BUNDLE_IDENTIFIER = com.dylanmccarthyios.NobelLaureates;
				PRODUCT_NAME = "$(TARGET_NAME)";
				SWIFT_VERSION = 5.0;
				TARGETED_DEVICE_FAMILY = "1,2";
			};
			name = Release;
		};
		616C7CB32416E4FD00577791 /* Debug */ = {
			isa = XCBuildConfiguration;
			buildSettings = {
				ALWAYS_EMBED_SWIFT_STANDARD_LIBRARIES = YES;
				BUNDLE_LOADER = "$(TEST_HOST)";
				CODE_SIGN_STYLE = Automatic;
				DEVELOPMENT_TEAM = 3K8HM9CR5K;
				INFOPLIST_FILE = NobelLaureatesTests/Info.plist;
				IPHONEOS_DEPLOYMENT_TARGET = 13.2;
				LD_RUNPATH_SEARCH_PATHS = (
					"$(inherited)",
					"@executable_path/Frameworks",
					"@loader_path/Frameworks",
				);
				PRODUCT_BUNDLE_IDENTIFIER = com.dylanmccarthyios.NobelLaureatesTests;
				PRODUCT_NAME = "$(TARGET_NAME)";
				SWIFT_VERSION = 5.0;
				TARGETED_DEVICE_FAMILY = "1,2";
				TEST_HOST = "$(BUILT_PRODUCTS_DIR)/NobelLaureates.app/NobelLaureates";
			};
			name = Debug;
		};
		616C7CB42416E4FD00577791 /* Release */ = {
			isa = XCBuildConfiguration;
			buildSettings = {
				ALWAYS_EMBED_SWIFT_STANDARD_LIBRARIES = YES;
				BUNDLE_LOADER = "$(TEST_HOST)";
				CODE_SIGN_STYLE = Automatic;
				DEVELOPMENT_TEAM = 3K8HM9CR5K;
				INFOPLIST_FILE = NobelLaureatesTests/Info.plist;
				IPHONEOS_DEPLOYMENT_TARGET = 13.2;
				LD_RUNPATH_SEARCH_PATHS = (
					"$(inherited)",
					"@executable_path/Frameworks",
					"@loader_path/Frameworks",
				);
				PRODUCT_BUNDLE_IDENTIFIER = com.dylanmccarthyios.NobelLaureatesTests;
				PRODUCT_NAME = "$(TARGET_NAME)";
				SWIFT_VERSION = 5.0;
				TARGETED_DEVICE_FAMILY = "1,2";
				TEST_HOST = "$(BUILT_PRODUCTS_DIR)/NobelLaureates.app/NobelLaureates";
			};
			name = Release;
		};
/* End XCBuildConfiguration section */

/* Begin XCConfigurationList section */
		616C7C8B2416E4F700577791 /* Build configuration list for PBXProject "NobelLaureates" */ = {
			isa = XCConfigurationList;
			buildConfigurations = (
				616C7CAD2416E4FD00577791 /* Debug */,
				616C7CAE2416E4FD00577791 /* Release */,
			);
			defaultConfigurationIsVisible = 0;
			defaultConfigurationName = Release;
		};
		616C7CAF2416E4FD00577791 /* Build configuration list for PBXNativeTarget "NobelLaureates" */ = {
			isa = XCConfigurationList;
			buildConfigurations = (
				616C7CB02416E4FD00577791 /* Debug */,
				616C7CB12416E4FD00577791 /* Release */,
			);
			defaultConfigurationIsVisible = 0;
			defaultConfigurationName = Release;
		};
		616C7CB22416E4FD00577791 /* Build configuration list for PBXNativeTarget "NobelLaureatesTests" */ = {
			isa = XCConfigurationList;
			buildConfigurations = (
				616C7CB32416E4FD00577791 /* Debug */,
				616C7CB42416E4FD00577791 /* Release */,
			);
			defaultConfigurationIsVisible = 0;
			defaultConfigurationName = Release;
		};
/* End XCConfigurationList section */
	};
	rootObject = 616C7C882416E4F700577791 /* Project object */;
}
